
Microsoft Visual Studio Solution File, Format Version 12.00
# Visual Studio Version 16
VisualStudioVersion = 16.0.30104.148
MinimumVisualStudioVersion = 15.0.26124.0
Project("{9A19103F-16F7-4668-BE54-9A1E7A4F7556}") = "NDLC", "NDLC\NDLC.csproj", "{D60C7BE6-39D3-4FA8-A319-974F5C06AFC0}"
EndProject
Project("{9A19103F-16F7-4668-BE54-9A1E7A4F7556}") = "NDLC.Tests", "NDLC.Tests\NDLC.Tests.csproj", "{9DD8A2A6-D25E-418F-8069-A7A98CD5F452}"
EndProject
Project("{9A19103F-16F7-4668-BE54-9A1E7A4F7556}") = "NDLC.CLI", "NDLC.CLI\NDLC.CLI.csproj", "{D27C03F0-1E5B-4921-BB5D-1C97B782F20D}"
EndProject
Project("{2150E333-8FDC-42A3-9474-1A3956D46DE8}") = "Dockerfiles", "Dockerfiles", "{8092B593-4034-46FB-AAF6-E778F50E634C}"
	ProjectSection(SolutionItems) = preProject
		.dockerignore = .dockerignore
		amd64.Dockerfile = amd64.Dockerfile
		arm32v7.Dockerfile = arm32v7.Dockerfile
		arm64v8.Dockerfile = arm64v8.Dockerfile
	EndProjectSection
EndProject
Global
	GlobalSection(SolutionConfigurationPlatforms) = preSolution
		Debug|Any CPU = Debug|Any CPU
		Debug|x64 = Debug|x64
		Debug|x86 = Debug|x86
		Release|Any CPU = Release|Any CPU
		Release|x64 = Release|x64
		Release|x86 = Release|x86
	EndGlobalSection
	GlobalSection(ProjectConfigurationPlatforms) = postSolution
		{D60C7BE6-39D3-4FA8-A319-974F5C06AFC0}.Debug|Any CPU.ActiveCfg = Debug|Any CPU
		{D60C7BE6-39D3-4FA8-A319-974F5C06AFC0}.Debug|Any CPU.Build.0 = Debug|Any CPU
		{D60C7BE6-39D3-4FA8-A319-974F5C06AFC0}.Debug|x64.ActiveCfg = Debug|Any CPU
		{D60C7BE6-39D3-4FA8-A319-974F5C06AFC0}.Debug|x64.Build.0 = Debug|Any CPU
		{D60C7BE6-39D3-4FA8-A319-974F5C06AFC0}.Debug|x86.ActiveCfg = Debug|Any CPU
		{D60C7BE6-39D3-4FA8-A319-974F5C06AFC0}.Debug|x86.Build.0 = Debug|Any CPU
		{D60C7BE6-39D3-4FA8-A319-974F5C06AFC0}.Release|Any CPU.ActiveCfg = Release|Any CPU
		{D60C7BE6-39D3-4FA8-A319-974F5C06AFC0}.Release|Any CPU.Build.0 = Release|Any CPU
		{D60C7BE6-39D3-4FA8-A319-974F5C06AFC0}.Release|x64.ActiveCfg = Release|Any CPU
		{D60C7BE6-39D3-4FA8-A319-974F5C06AFC0}.Release|x64.Build.0 = Release|Any CPU
		{D60C7BE6-39D3-4FA8-A319-974F5C06AFC0}.Release|x86.ActiveCfg = Release|Any CPU
		{D60C7BE6-39D3-4FA8-A319-974F5C06AFC0}.Release|x86.Build.0 = Release|Any CPU
		{9DD8A2A6-D25E-418F-8069-A7A98CD5F452}.Debug|Any CPU.ActiveCfg = Debug|Any CPU
		{9DD8A2A6-D25E-418F-8069-A7A98CD5F452}.Debug|Any CPU.Build.0 = Debug|Any CPU
		{9DD8A2A6-D25E-418F-8069-A7A98CD5F452}.Debug|x64.ActiveCfg = Debug|Any CPU
		{9DD8A2A6-D25E-418F-8069-A7A98CD5F452}.Debug|x64.Build.0 = Debug|Any CPU
		{9DD8A2A6-D25E-418F-8069-A7A98CD5F452}.Debug|x86.ActiveCfg = Debug|Any CPU
		{9DD8A2A6-D25E-418F-8069-A7A98CD5F452}.Debug|x86.Build.0 = Debug|Any CPU
		{9DD8A2A6-D25E-418F-8069-A7A98CD5F452}.Release|Any CPU.ActiveCfg = Release|Any CPU
		{9DD8A2A6-D25E-418F-8069-A7A98CD5F452}.Release|Any CPU.Build.0 = Release|Any CPU
		{9DD8A2A6-D25E-418F-8069-A7A98CD5F452}.Release|x64.ActiveCfg = Release|Any CPU
		{9DD8A2A6-D25E-418F-8069-A7A98CD5F452}.Release|x64.Build.0 = Release|Any CPU
		{9DD8A2A6-D25E-418F-8069-A7A98CD5F452}.Release|x86.ActiveCfg = Release|Any CPU
		{9DD8A2A6-D25E-418F-8069-A7A98CD5F452}.Release|x86.Build.0 = Release|Any CPU
		{D27C03F0-1E5B-4921-BB5D-1C97B782F20D}.Debug|Any CPU.ActiveCfg = Debug|Any CPU
		{D27C03F0-1E5B-4921-BB5D-1C97B782F20D}.Debug|Any CPU.Build.0 = Debug|Any CPU
		{D27C03F0-1E5B-4921-BB5D-1C97B782F20D}.Debug|x64.ActiveCfg = Debug|Any CPU
		{D27C03F0-1E5B-4921-BB5D-1C97B782F20D}.Debug|x64.Build.0 = Debug|Any CPU
		{D27C03F0-1E5B-4921-BB5D-1C97B782F20D}.Debug|x86.ActiveCfg = Debug|Any CPU
		{D27C03F0-1E5B-4921-BB5D-1C97B782F20D}.Debug|x86.Build.0 = Debug|Any CPU
		{D27C03F0-1E5B-4921-BB5D-1C97B782F20D}.Release|Any CPU.ActiveCfg = Release|Any CPU
		{D27C03F0-1E5B-4921-BB5D-1C97B782F20D}.Release|Any CPU.Build.0 = Release|Any CPU
		{D27C03F0-1E5B-4921-BB5D-1C97B782F20D}.Release|x64.ActiveCfg = Release|Any CPU
		{D27C03F0-1E5B-4921-BB5D-1C97B782F20D}.Release|x64.Build.0 = Release|Any CPU
		{D27C03F0-1E5B-4921-BB5D-1C97B782F20D}.Release|x86.ActiveCfg = Release|Any CPU
		{D27C03F0-1E5B-4921-BB5D-1C97B782F20D}.Release|x86.Build.0 = Release|Any CPU
	EndGlobalSection
	GlobalSection(SolutionProperties) = preSolution
		HideSolutionNode = FALSE
	EndGlobalSection
	GlobalSection(ExtensibilityGlobals) = postSolution
		SolutionGuid = {AE06C1B2-EA18-4401-87F4-2E72EB20129C}
	EndGlobalSection
EndGlobal
